<?xml version="1.0" encoding="UTF-8"?>
<Scheme
   version = "1.3">
   <BuildAction>
      <BuildActionEntries>
         <BuildActionEntry
            buildForRunning = "YES">
            <BuildableReference
               BuildableIdentifier = "primary"
               BlueprintIdentifier = "3307196DABF81021B33ED2F3"
               BuildableName = "Clairvoyance.app"
               BlueprintName = "Clairvoyance"
               ReferencedContainer = "container:Clairvoyance.xcodeproj">
            </BuildableReference>
         </BuildActionEntry>
      </BuildActionEntries>
   </BuildAction>
   <LaunchAction
      useCustomWorkingDirectory = "NO"
      buildConfiguration = "Debug">
      <BuildableProductRunnable>
         <BuildableReference
            BuildableIdentifier = "primary"
            BlueprintIdentifier = "3307196DABF81021B33ED2F3"
            BuildableName = "Clairvoyance.app"
            BlueprintName = "Clairvoyance"
            ReferencedContainer = "container:Clairvoyance.xcodeproj">
         </BuildableReference>
      </BuildableProductRunnable>
   </LaunchAction>
</Scheme>
